
Microsoft Visual Studio Solution File, Format Version 12.00
# Visual Studio 15
Project("{FAE04EC0-301F-11D3-BF4B-00C04F79EFBC}") = "Assembly-CSharp", "Assembly-CSharp.csproj", "{9BA64CC7-6443-9222-969D-7B740706FA23}"
EndProject
Global
	GlobalSection(SolutionConfigurationPlatforms) = preSolution
		Debug|Any CPU = Debug|Any CPU
		Release|Any CPU = Release|Any CPU
	EndGlobalSection
	GlobalSection(ProjectConfigurationPlatforms) = postSolution
		{9BA64CC7-6443-9222-969D-7B740706FA23}.Debug|Any CPU.ActiveCfg = Debug|Any CPU
		{9BA64CC7-6443-9222-969D-7B740706FA23}.Debug|Any CPU.Build.0 = Debug|Any CPU
		{9BA64CC7-6443-9222-969D-7B740706FA23}.Release|Any CPU.ActiveCfg = Release|Any CPU
		{9BA64CC7-6443-9222-969D-7B740706FA23}.Release|Any CPU.Build.0 = Release|Any CPU
	EndGlobalSection
	GlobalSection(SolutionProperties) = preSolution
		HideSolutionNode = FALSE
	EndGlobalSection
EndGlobal
